{
  "name": "ajenda-landing",
  "version": "0.0.0",
  "lockfileVersion": 1,
  "requires": true,
  "dependencies": {
    "prettier": {
      "version": "3.0.1",
      "resolved": "https://registry.npmjs.org/prettier/-/prettier-3.0.1.tgz",
      "integrity": "sha512-fcOWSnnpCrovBsmFZIGIy9UqK2FaI7Hqax+DIO0A9UxeVoY4iweyaFjS5TavZN97Hfehph0nhsZnjlVKzEQSrQ==",
      "dev": true
    },
    "prettier-plugin-tailwindcss": {
      "version": "0.4.1",
      "resolved": "https://registry.npmjs.org/prettier-plugin-tailwindcss/-/prettier-plugin-tailwindcss-0.4.1.tgz",
      "integrity": "sha512-hwn2EiJmv8M+AW4YDkbjJ6HlZCTzLyz1QlySn9sMuKV/Px0fjwldlB7tol8GzdgqtkdPtzT3iJ4UzdnYXP25Ag==",
      "dev": true
    }
  }
}
